# THIS IS AN AUTOGENERATED FILE. DO NOT EDIT THIS FILE DIRECTLY.
# yarn lockfile v1


axe-core@4.1.1:
  version "4.1.1"
  resolved "https://registry.nlark.com/axe-core/download/axe-core-4.1.1.tgz#70a7855888e287f7add66002211a423937063eaf"
  integrity sha1-cKeFWIjih/et1mACIRpCOTcGPq8=

cypress-axe@0.12.0:
  version "0.12.0"
  resolved "https://registry.nlark.com/cypress-axe/download/cypress-axe-0.12.0.tgz#2549a55f0a5c8006de240a85a19c8ecf2ce3abf9"
  integrity sha1-JUmlXwpcgAbeJAqFoZyOzyzjq/k=
